
Microsoft Visual Studio Solution File, Format Version 12.00
# Visual Studio Version 17
VisualStudioVersion = 17.13.35806.99 d17.13
MinimumVisualStudioVersion = 10.0.40219.1
Project("{FAE04EC0-301F-11D3-BF4B-00C04F79EFBC}") = "SeleniumLoginTest", "SeleniumLoginTest\SeleniumLoginTest.csproj", "{229E0FB9-61E2-44D2-8995-BE6E7625C90F}"
EndProject
Global
	GlobalSection(SolutionConfigurationPlatforms) = preSolution
		Debug|Any CPU = Debug|Any CPU
		Release|Any CPU = Release|Any CPU
	EndGlobalSection
	GlobalSection(ProjectConfigurationPlatforms) = postSolution
		{229E0FB9-61E2-44D2-8995-BE6E7625C90F}.Debug|Any CPU.ActiveCfg = Debug|Any CPU
		{229E0FB9-61E2-44D2-8995-BE6E7625C90F}.Debug|Any CPU.Build.0 = Debug|Any CPU
		{229E0FB9-61E2-44D2-8995-BE6E7625C90F}.Release|Any CPU.ActiveCfg = Release|Any CPU
		{229E0FB9-61E2-44D2-8995-BE6E7625C90F}.Release|Any CPU.Build.0 = Release|Any CPU
	EndGlobalSection
	GlobalSection(SolutionProperties) = preSolution
		HideSolutionNode = FALSE
	EndGlobalSection
	GlobalSection(ExtensibilityGlobals) = postSolution
		SolutionGuid = {F87FEF64-DA2E-4AB7-89B7-3BA2F6C5C366}
	EndGlobalSection
EndGlobal
